// !$*UTF8*$!
{
	archiveVersion = 1;
	classes = {
	};
	objectVersion = 51;
	objects = {

/* Begin PBXBuildFile section */
		04261F15B32A5216A0AF6A7F /* Pods_BuildWithoutStoryboard_BuildWithoutStoryboardUITests.framework in Frameworks */ = {isa = PBXBuildFile; fileRef = FC31E02003170E4AB04B980D /* Pods_BuildWithoutStoryboard_BuildWithoutStoryboardUITests.framework */; };
		26227DB64EB4BCD803A914CE /* Pods_BuildWithoutStoryboardTests.framework in Frameworks */ = {isa = PBXBuildFile; fileRef = 6EB24483419C042EA0B17C02 /* Pods_BuildWithoutStoryboardTests.framework */; };
		7DEB81E959E51062E902A9BF /* Pods_BuildWithoutStoryboard.framework in Frameworks */ = {isa = PBXBuildFile; fileRef = DBD9440140796A445E05E771 /* Pods_BuildWithoutStoryboard.framework */; };
		D76C4CD123540F8E003CD608 /* StudentCell.swift in Sources */ = {isa = PBXBuildFile; fileRef = D76C4CD023540F8E003CD608 /* StudentCell.swift */; };
		D76C4CD323541774003CD608 /* WebViewPageController.swift in Sources */ = {isa = PBXBuildFile; fileRef = D76C4CD223541774003CD608 /* WebViewPageController.swift */; };
		D76C4CD52354178B003CD608 /* WebViewPageView.swift in Sources */ = {isa = PBXBuildFile; fileRef = D76C4CD42354178B003CD608 /* WebViewPageView.swift */; };
		D76C4CD7235431F0003CD608 /* Student.swift in Sources */ = {isa = PBXBuildFile; fileRef = D76C4CD6235431F0003CD608 /* Student.swift */; };
		D76C4CDA23543255003CD608 /* StudentData.swift in Sources */ = {isa = PBXBuildFile; fileRef = D76C4CD923543255003CD608 /* StudentData.swift */; };
		D76C4CDC235447E3003CD608 /* AddPageController.swift in Sources */ = {isa = PBXBuildFile; fileRef = D76C4CDB235447E3003CD608 /* AddPageController.swift */; };
		D76C4CDE235449B7003CD608 /* AddPageView.swift in Sources */ = {isa = PBXBuildFile; fileRef = D76C4CDD235449B7003CD608 /* AddPageView.swift */; };
		D7B0FE982350D43400B97A5B /* AppDelegate.swift in Sources */ = {isa = PBXBuildFile; fileRef = D7B0FE972350D43400B97A5B /* AppDelegate.swift */; };
		D7B0FE9A2350D43400B97A5B /* SceneDelegate.swift in Sources */ = {isa = PBXBuildFile; fileRef = D7B0FE992350D43400B97A5B /* SceneDelegate.swift */; };
		D7B0FE9C2350D43400B97A5B /* MainPageController.swift in Sources */ = {isa = PBXBuildFile; fileRef = D7B0FE9B2350D43400B97A5B /* MainPageController.swift */; };
		D7B0FEA22350D43400B97A5B /* BuildWithoutStoryboard.xcdatamodeld in Sources */ = {isa = PBXBuildFile; fileRef = D7B0FEA02350D43400B97A5B /* BuildWithoutStoryboard.xcdatamodeld */; };
		D7B0FEA42350D43500B97A5B /* Assets.xcassets in Resources */ = {isa = PBXBuildFile; fileRef = D7B0FEA32350D43500B97A5B /* Assets.xcassets */; };
		D7B0FEA72350D43500B97A5B /* LaunchScreen.storyboard in Resources */ = {isa = PBXBuildFile; fileRef = D7B0FEA52350D43500B97A5B /* LaunchScreen.storyboard */; };
		D7B0FEB22350D43600B97A5B /* BuildWithoutStoryboardTests.swift in Sources */ = {isa = PBXBuildFile; fileRef = D7B0FEB12350D43600B97A5B /* BuildWithoutStoryboardTests.swift */; };
		D7B0FEBD2350D43600B97A5B /* BuildWithoutStoryboardUITests.swift in Sources */ = {isa = PBXBuildFile; fileRef = D7B0FEBC2350D43600B97A5B /* BuildWithoutStoryboardUITests.swift */; };
		D7B0FECE2350DD3C00B97A5B /* MainPageView.swift in Sources */ = {isa = PBXBuildFile; fileRef = D7B0FECD2350DD3C00B97A5B /* MainPageView.swift */; };
		D7B0FED02351070100B97A5B /* ScrollPageController.swift in Sources */ = {isa = PBXBuildFile; fileRef = D7B0FECF2351070100B97A5B /* ScrollPageController.swift */; };
		D7B0FED22351071700B97A5B /* ScrollPageView.swift in Sources */ = {isa = PBXBuildFile; fileRef = D7B0FED12351071700B97A5B /* ScrollPageView.swift */; };
		D7B0FED423512B5300B97A5B /* TableViewPageController.swift in Sources */ = {isa = PBXBuildFile; fileRef = D7B0FED323512B5300B97A5B /* TableViewPageController.swift */; };
		D7B0FED623512BE400B97A5B /* TableViewPageView.swift in Sources */ = {isa = PBXBuildFile; fileRef = D7B0FED523512BE400B97A5B /* TableViewPageView.swift */; };
		D7E00F6F235564D500E8A6CE /* SaveStudentDelegate.swift in Sources */ = {isa = PBXBuildFile; fileRef = D7E00F6E235564D500E8A6CE /* SaveStudentDelegate.swift */; };
/* End PBXBuildFile section */

/* Begin PBXContainerItemProxy section */
		D7B0FEAE2350D43600B97A5B /* PBXContainerItemProxy */ = {
			isa = PBXContainerItemProxy;
			containerPortal = D7B0FE8C2350D43400B97A5B /* Project object */;
			proxyType = 1;
			remoteGlobalIDString = D7B0FE932350D43400B97A5B;
			remoteInfo = BuildWithoutStoryboard;
		};
		D7B0FEB92350D43600B97A5B /* PBXContainerItemProxy */ = {
			isa = PBXContainerItemProxy;
			containerPortal = D7B0FE8C2350D43400B97A5B /* Project object */;
			proxyType = 1;
			remoteGlobalIDString = D7B0FE932350D43400B97A5B;
			remoteInfo = BuildWithoutStoryboard;
		};
/* End PBXContainerItemProxy section */

/* Begin PBXFileReference section */
		02FCBD9A2D1DA071664E0927 /* Pods-BuildWithoutStoryboard-BuildWithoutStoryboardUITests.release.xcconfig */ = {isa = PBXFileReference; includeInIndex = 1; lastKnownFileType = text.xcconfig; name = "Pods-BuildWithoutStoryboard-BuildWithoutStoryboardUITests.release.xcconfig"; path = "Target Support Files/Pods-BuildWithoutStoryboard-BuildWithoutStoryboardUITests/Pods-BuildWithoutStoryboard-BuildWithoutStoryboardUITests.release.xcconfig"; sourceTree = "<group>"; };
		1C7BD4EBEC1FA7D0FB1077A7 /* Pods-BuildWithoutStoryboard-BuildWithoutStoryboardUITests.debug.xcconfig */ = {isa = PBXFileReference; includeInIndex = 1; lastKnownFileType = text.xcconfig; name = "Pods-BuildWithoutStoryboard-BuildWithoutStoryboardUITests.debug.xcconfig"; path = "Target Support Files/Pods-BuildWithoutStoryboard-BuildWithoutStoryboardUITests/Pods-BuildWithoutStoryboard-BuildWithoutStoryboardUITests.debug.xcconfig"; sourceTree = "<group>"; };
		2A42FA7808ECD4515A351246 /* Pods-BuildWithoutStoryboard.release.xcconfig */ = {isa = PBXFileReference; includeInIndex = 1; lastKnownFileType = text.xcconfig; name = "Pods-BuildWithoutStoryboard.release.xcconfig"; path = "Target Support Files/Pods-BuildWithoutStoryboard/Pods-BuildWithoutStoryboard.release.xcconfig"; sourceTree = "<group>"; };
		2C44D15FC5668EE650D41831 /* Pods-BuildWithoutStoryboardTests.debug.xcconfig */ = {isa = PBXFileReference; includeInIndex = 1; lastKnownFileType = text.xcconfig; name = "Pods-BuildWithoutStoryboardTests.debug.xcconfig"; path = "Target Support Files/Pods-BuildWithoutStoryboardTests/Pods-BuildWithoutStoryboardTests.debug.xcconfig"; sourceTree = "<group>"; };
		554569BBF23DF4820A833919 /* Pods-BuildWithoutStoryboardTests.release.xcconfig */ = {isa = PBXFileReference; includeInIndex = 1; lastKnownFileType = text.xcconfig; name = "Pods-BuildWithoutStoryboardTests.release.xcconfig"; path = "Target Support Files/Pods-BuildWithoutStoryboardTests/Pods-BuildWithoutStoryboardTests.release.xcconfig"; sourceTree = "<group>"; };
		6EB24483419C042EA0B17C02 /* Pods_BuildWithoutStoryboardTests.framework */ = {isa = PBXFileReference; explicitFileType = wrapper.framework; includeInIndex = 0; path = Pods_BuildWithoutStoryboardTests.framework; sourceTree = BUILT_PRODUCTS_DIR; };
		8FF44284FC059307BA12B3AD /* Pods-BuildWithoutStoryboard.debug.xcconfig */ = {isa = PBXFileReference; includeInIndex = 1; lastKnownFileType = text.xcconfig; name = "Pods-BuildWithoutStoryboard.debug.xcconfig"; path = "Target Support Files/Pods-BuildWithoutStoryboard/Pods-BuildWithoutStoryboard.debug.xcconfig"; sourceTree = "<group>"; };
		D76C4CD023540F8E003CD608 /* StudentCell.swift */ = {isa = PBXFileReference; lastKnownFileType = sourcecode.swift; path = StudentCell.swift; sourceTree = "<group>"; };
		D76C4CD223541774003CD608 /* WebViewPageController.swift */ = {isa = PBXFileReference; lastKnownFileType = sourcecode.swift; path = WebViewPageController.swift; sourceTree = "<group>"; };
		D76C4CD42354178B003CD608 /* WebViewPageView.swift */ = {isa = PBXFileReference; lastKnownFileType = sourcecode.swift; path = WebViewPageView.swift; sourceTree = "<group>"; };
		D76C4CD6235431F0003CD608 /* Student.swift */ = {isa = PBXFileReference; lastKnownFileType = sourcecode.swift; path = Student.swift; sourceTree = "<group>"; };
		D76C4CD923543255003CD608 /* StudentData.swift */ = {isa = PBXFileReference; lastKnownFileType = sourcecode.swift; path = StudentData.swift; sourceTree = "<group>"; };
		D76C4CDB235447E3003CD608 /* AddPageController.swift */ = {isa = PBXFileReference; lastKnownFileType = sourcecode.swift; path = AddPageController.swift; sourceTree = "<group>"; };
		D76C4CDD235449B7003CD608 /* AddPageView.swift */ = {isa = PBXFileReference; lastKnownFileType = sourcecode.swift; path = AddPageView.swift; sourceTree = "<group>"; };
		D7B0FE942350D43400B97A5B /* BuildWithoutStoryboard.app */ = {isa = PBXFileReference; explicitFileType = wrapper.application; includeInIndex = 0; path = BuildWithoutStoryboard.app; sourceTree = BUILT_PRODUCTS_DIR; };
		D7B0FE972350D43400B97A5B /* AppDelegate.swift */ = {isa = PBXFileReference; lastKnownFileType = sourcecode.swift; path = AppDelegate.swift; sourceTree = "<group>"; };
		D7B0FE992350D43400B97A5B /* SceneDelegate.swift */ = {isa = PBXFileReference; lastKnownFileType = sourcecode.swift; path = SceneDelegate.swift; sourceTree = "<group>"; };
		D7B0FE9B2350D43400B97A5B /* MainPageController.swift */ = {isa = PBXFileReference; lastKnownFileType = sourcecode.swift; path = MainPageController.swift; sourceTree = "<group>"; };
		D7B0FEA12350D43400B97A5B /* BuildWithoutStoryboard.xcdatamodel */ = {isa = PBXFileReference; lastKnownFileType = wrapper.xcdatamodel; path = BuildWithoutStoryboard.xcdatamodel; sourceTree = "<group>"; };
		D7B0FEA32350D43500B97A5B /* Assets.xcassets */ = {isa = PBXFileReference; lastKnownFileType = folder.assetcatalog; path = Assets.xcassets; sourceTree = "<group>"; };
		D7B0FEA62350D43500B97A5B /* Base */ = {isa = PBXFileReference; lastKnownFileType = file.storyboard; name = Base; path = Base.lproj/LaunchScreen.storyboard; sourceTree = "<group>"; };
		D7B0FEA82350D43500B97A5B /* Info.plist */ = {isa = PBXFileReference; lastKnownFileType = text.plist.xml; path = Info.plist; sourceTree = "<group>"; };
		D7B0FEAD2350D43600B97A5B /* BuildWithoutStoryboardTests.xctest */ = {isa = PBXFileReference; explicitFileType = wrapper.cfbundle; includeInIndex = 0; path = BuildWithoutStoryboardTests.xctest; sourceTree = BUILT_PRODUCTS_DIR; };
		D7B0FEB12350D43600B97A5B /* BuildWithoutStoryboardTests.swift */ = {isa = PBXFileReference; lastKnownFileType = sourcecode.swift; path = BuildWithoutStoryboardTests.swift; sourceTree = "<group>"; };
		D7B0FEB32350D43600B97A5B /* Info.plist */ = {isa = PBXFileReference; lastKnownFileType = text.plist.xml; path = Info.plist; sourceTree = "<group>"; };
		D7B0FEB82350D43600B97A5B /* BuildWithoutStoryboardUITests.xctest */ = {isa = PBXFileReference; explicitFileType = wrapper.cfbundle; includeInIndex = 0; path = BuildWithoutStoryboardUITests.xctest; sourceTree = BUILT_PRODUCTS_DIR; };
		D7B0FEBC2350D43600B97A5B /* BuildWithoutStoryboardUITests.swift */ = {isa = PBXFileReference; lastKnownFileType = sourcecode.swift; path = BuildWithoutStoryboardUITests.swift; sourceTree = "<group>"; };
		D7B0FEBE2350D43600B97A5B /* Info.plist */ = {isa = PBXFileReference; lastKnownFileType = text.plist.xml; path = Info.plist; sourceTree = "<group>"; };
		D7B0FECD2350DD3C00B97A5B /* MainPageView.swift */ = {isa = PBXFileReference; lastKnownFileType = sourcecode.swift; path = MainPageView.swift; sourceTree = "<group>"; };
		D7B0FECF2351070100B97A5B /* ScrollPageController.swift */ = {isa = PBXFileReference; lastKnownFileType = sourcecode.swift; path = ScrollPageController.swift; sourceTree = "<group>"; };
		D7B0FED12351071700B97A5B /* ScrollPageView.swift */ = {isa = PBXFileReference; lastKnownFileType = sourcecode.swift; path = ScrollPageView.swift; sourceTree = "<group>"; };
		D7B0FED323512B5300B97A5B /* TableViewPageController.swift */ = {isa = PBXFileReference; lastKnownFileType = sourcecode.swift; path = TableViewPageController.swift; sourceTree = "<group>"; };
		D7B0FED523512BE400B97A5B /* TableViewPageView.swift */ = {isa = PBXFileReference; lastKnownFileType = sourcecode.swift; path = TableViewPageView.swift; sourceTree = "<group>"; };
		D7E00F6E235564D500E8A6CE /* SaveStudentDelegate.swift */ = {isa = PBXFileReference; lastKnownFileType = sourcecode.swift; path = SaveStudentDelegate.swift; sourceTree = "<group>"; };
		DBD9440140796A445E05E771 /* Pods_BuildWithoutStoryboard.framework */ = {isa = PBXFileReference; explicitFileType = wrapper.framework; includeInIndex = 0; path = Pods_BuildWithoutStoryboard.framework; sourceTree = BUILT_PRODUCTS_DIR; };
		FC31E02003170E4AB04B980D /* Pods_BuildWithoutStoryboard_BuildWithoutStoryboardUITests.framework */ = {isa = PBXFileReference; explicitFileType = wrapper.framework; includeInIndex = 0; path = Pods_BuildWithoutStoryboard_BuildWithoutStoryboardUITests.framework; sourceTree = BUILT_PRODUCTS_DIR; };
/* End PBXFileReference section */

/* Begin PBXFrameworksBuildPhase section */
		D7B0FE912350D43400B97A5B /* Frameworks */ = {
			isa = PBXFrameworksBuildPhase;
			buildActionMask = 2147483647;
			files = (
				7DEB81E959E51062E902A9BF /* Pods_BuildWithoutStoryboard.framework in Frameworks */,
			);
			runOnlyForDeploymentPostprocessing = 0;
		};
		D7B0FEAA2350D43600B97A5B /* Frameworks */ = {
			isa = PBXFrameworksBuildPhase;
			buildActionMask = 2147483647;
			files = (
				26227DB64EB4BCD803A914CE /* Pods_BuildWithoutStoryboardTests.framework in Frameworks */,
			);
			runOnlyForDeploymentPostprocessing = 0;
		};
		D7B0FEB52350D43600B97A5B /* Frameworks */ = {
			isa = PBXFrameworksBuildPhase;
			buildActionMask = 2147483647;
			files = (
				04261F15B32A5216A0AF6A7F /* Pods_BuildWithoutStoryboard_BuildWithoutStoryboardUITests.framework in Frameworks */,
			);
			runOnlyForDeploymentPostprocessing = 0;
		};
/* End PBXFrameworksBuildPhase section */

/* Begin PBXGroup section */
		5D0F9BDCAA0D90B0A3F84F4E /* Pods */ = {
			isa = PBXGroup;
			children = (
				8FF44284FC059307BA12B3AD /* Pods-BuildWithoutStoryboard.debug.xcconfig */,
				2A42FA7808ECD4515A351246 /* Pods-BuildWithoutStoryboard.release.xcconfig */,
				1C7BD4EBEC1FA7D0FB1077A7 /* Pods-BuildWithoutStoryboard-BuildWithoutStoryboardUITests.debug.xcconfig */,
				02FCBD9A2D1DA071664E0927 /* Pods-BuildWithoutStoryboard-BuildWithoutStoryboardUITests.release.xcconfig */,
				2C44D15FC5668EE650D41831 /* Pods-BuildWithoutStoryboardTests.debug.xcconfig */,
				554569BBF23DF4820A833919 /* Pods-BuildWithoutStoryboardTests.release.xcconfig */,
			);
			path = Pods;
			sourceTree = "<group>";
		};
		9DF83B2F3B3DB6F0E9BFC4B5 /* Frameworks */ = {
			isa = PBXGroup;
			children = (
				DBD9440140796A445E05E771 /* Pods_BuildWithoutStoryboard.framework */,
				FC31E02003170E4AB04B980D /* Pods_BuildWithoutStoryboard_BuildWithoutStoryboardUITests.framework */,
				6EB24483419C042EA0B17C02 /* Pods_BuildWithoutStoryboardTests.framework */,
			);
			name = Frameworks;
			sourceTree = "<group>";
		};
		D76C4CCF23540F5C003CD608 /* Cell */ = {
			isa = PBXGroup;
			children = (
				D76C4CD023540F8E003CD608 /* StudentCell.swift */,
			);
			path = Cell;
			sourceTree = "<group>";
		};
		D76C4CD8235431F3003CD608 /* Data */ = {
			isa = PBXGroup;
			children = (
				D76C4CD923543255003CD608 /* StudentData.swift */,
			);
			path = Data;
			sourceTree = "<group>";
		};
		D7B0FE8B2350D43400B97A5B = {
			isa = PBXGroup;
			children = (
				D7B0FE962350D43400B97A5B /* BuildWithoutStoryboard */,
				D7B0FEB02350D43600B97A5B /* BuildWithoutStoryboardTests */,
				D7B0FEBB2350D43600B97A5B /* BuildWithoutStoryboardUITests */,
				D7B0FE952350D43400B97A5B /* Products */,
				5D0F9BDCAA0D90B0A3F84F4E /* Pods */,
				9DF83B2F3B3DB6F0E9BFC4B5 /* Frameworks */,
			);
			sourceTree = "<group>";
		};
		D7B0FE952350D43400B97A5B /* Products */ = {
			isa = PBXGroup;
			children = (
				D7B0FE942350D43400B97A5B /* BuildWithoutStoryboard.app */,
				D7B0FEAD2350D43600B97A5B /* BuildWithoutStoryboardTests.xctest */,
				D7B0FEB82350D43600B97A5B /* BuildWithoutStoryboardUITests.xctest */,
			);
			name = Products;
			sourceTree = "<group>";
		};
		D7B0FE962350D43400B97A5B /* BuildWithoutStoryboard */ = {
			isa = PBXGroup;
			children = (
				D7E00F6D2355649800E8A6CE /* Presenter */,
				D7E00F6C2355649100E8A6CE /* Protocol */,
				D76C4CD8235431F3003CD608 /* Data */,
				D76C4CCF23540F5C003CD608 /* Cell */,
				D7B0FECC2350DD2200B97A5B /* Model */,
				D7B0FECB2350DD1E00B97A5B /* View */,
				D7B0FECA2350DD1800B97A5B /* Controller */,
				D7B0FE972350D43400B97A5B /* AppDelegate.swift */,
				D7B0FE992350D43400B97A5B /* SceneDelegate.swift */,
				D7B0FEA32350D43500B97A5B /* Assets.xcassets */,
				D7B0FEA52350D43500B97A5B /* LaunchScreen.storyboard */,
				D7B0FEA82350D43500B97A5B /* Info.plist */,
				D7B0FEA02350D43400B97A5B /* BuildWithoutStoryboard.xcdatamodeld */,
			);
			path = BuildWithoutStoryboard;
			sourceTree = "<group>";
		};
		D7B0FEB02350D43600B97A5B /* BuildWithoutStoryboardTests */ = {
			isa = PBXGroup;
			children = (
				D7B0FEB12350D43600B97A5B /* BuildWithoutStoryboardTests.swift */,
				D7B0FEB32350D43600B97A5B /* Info.plist */,
			);
			path = BuildWithoutStoryboardTests;
			sourceTree = "<group>";
		};
		D7B0FEBB2350D43600B97A5B /* BuildWithoutStoryboardUITests */ = {
			isa = PBXGroup;
			children = (
				D7B0FEBC2350D43600B97A5B /* BuildWithoutStoryboardUITests.swift */,
				D7B0FEBE2350D43600B97A5B /* Info.plist */,
			);
			path = BuildWithoutStoryboardUITests;
			sourceTree = "<group>";
		};
		D7B0FECA2350DD1800B97A5B /* Controller */ = {
			isa = PBXGroup;
			children = (
				D7B0FE9B2350D43400B97A5B /* MainPageController.swift */,
				D7B0FECF2351070100B97A5B /* ScrollPageController.swift */,
				D7B0FED323512B5300B97A5B /* TableViewPageController.swift */,
				D76C4CD223541774003CD608 /* WebViewPageController.swift */,
				D76C4CDB235447E3003CD608 /* AddPageController.swift */,
			);
			path = Controller;
			sourceTree = "<group>";
		};
		D7B0FECB2350DD1E00B97A5B /* View */ = {
			isa = PBXGroup;
			children = (
				D7B0FECD2350DD3C00B97A5B /* MainPageView.swift */,
				D7B0FED12351071700B97A5B /* ScrollPageView.swift */,
				D7B0FED523512BE400B97A5B /* TableViewPageView.swift */,
				D76C4CD42354178B003CD608 /* WebViewPageView.swift */,
				D76C4CDD235449B7003CD608 /* AddPageView.swift */,
			);
			path = View;
			sourceTree = "<group>";
		};
		D7B0FECC2350DD2200B97A5B /* Model */ = {
			isa = PBXGroup;
			children = (
				D76C4CD6235431F0003CD608 /* Student.swift */,
			);
			path = Model;
			sourceTree = "<group>";
		};
		D7E00F6C2355649100E8A6CE /* Protocol */ = {
			isa = PBXGroup;
			children = (
				D7E00F6E235564D500E8A6CE /* SaveStudentDelegate.swift */,
			);
			path = Protocol;
			sourceTree = "<group>";
		};
		D7E00F6D2355649800E8A6CE /* Presenter */ = {
			isa = PBXGroup;
			children = (
			);
			path = Presenter;
			sourceTree = "<group>";
		};
/* End PBXGroup section */

/* Begin PBXNativeTarget section */
		D7B0FE932350D43400B97A5B /* BuildWithoutStoryboard */ = {
			isa = PBXNativeTarget;
			buildConfigurationList = D7B0FEC12350D43600B97A5B /* Build configuration list for PBXNativeTarget "BuildWithoutStoryboard" */;
			buildPhases = (
				2117A9E0BD5778526E0A8FEB /* [CP] Check Pods Manifest.lock */,
				D7B0FE902350D43400B97A5B /* Sources */,
				D7B0FE912350D43400B97A5B /* Frameworks */,
				D7B0FE922350D43400B97A5B /* Resources */,
				A4C0841F151C8CB6D6AEE673 /* [CP] Embed Pods Frameworks */,
			);
			buildRules = (
			);
			dependencies = (
			);
			name = BuildWithoutStoryboard;
			productName = BuildWithoutStoryboard;
			productReference = D7B0FE942350D43400B97A5B /* BuildWithoutStoryboard.app */;
			productType = "com.apple.product-type.application";
		};
		D7B0FEAC2350D43600B97A5B /* BuildWithoutStoryboardTests */ = {
			isa = PBXNativeTarget;
			buildConfigurationList = D7B0FEC42350D43600B97A5B /* Build configuration list for PBXNativeTarget "BuildWithoutStoryboardTests" */;
			buildPhases = (
				086708D623782F9C5EA2700B /* [CP] Check Pods Manifest.lock */,
				D7B0FEA92350D43600B97A5B /* Sources */,
				D7B0FEAA2350D43600B97A5B /* Frameworks */,
				D7B0FEAB2350D43600B97A5B /* Resources */,
			);
			buildRules = (
			);
			dependencies = (
				D7B0FEAF2350D43600B97A5B /* PBXTargetDependency */,
			);
			name = BuildWithoutStoryboardTests;
			productName = BuildWithoutStoryboardTests;
			productReference = D7B0FEAD2350D43600B97A5B /* BuildWithoutStoryboardTests.xctest */;
			productType = "com.apple.product-type.bundle.unit-test";
		};
		D7B0FEB72350D43600B97A5B /* BuildWithoutStoryboardUITests */ = {
			isa = PBXNativeTarget;
			buildConfigurationList = D7B0FEC72350D43600B97A5B /* Build configuration list for PBXNativeTarget "BuildWithoutStoryboardUITests" */;
			buildPhases = (
				40680651937187F1F3604744 /* [CP] Check Pods Manifest.lock */,
				D7B0FEB42350D43600B97A5B /* Sources */,
				D7B0FEB52350D43600B97A5B /* Frameworks */,
				D7B0FEB62350D43600B97A5B /* Resources */,
				46B9DE863B80F8574EC231A8 /* [CP] Embed Pods Frameworks */,
			);
			buildRules = (
			);
			dependencies = (
				D7B0FEBA2350D43600B97A5B /* PBXTargetDependency */,
			);
			name = BuildWithoutStoryboardUITests;
			productName = BuildWithoutStoryboardUITests;
			productReference = D7B0FEB82350D43600B97A5B /* BuildWithoutStoryboardUITests.xctest */;
			productType = "com.apple.product-type.bundle.ui-testing";
		};
/* End PBXNativeTarget section */

/* Begin PBXProject section */
		D7B0FE8C2350D43400B97A5B /* Project object */ = {
			isa = PBXProject;
			attributes = {
				LastSwiftUpdateCheck = 1110;
				LastUpgradeCheck = 1110;
				ORGANIZATIONNAME = "Aji Saputra Raka Siwi";
				TargetAttributes = {
					D7B0FE932350D43400B97A5B = {
						CreatedOnToolsVersion = 11.1;
					};
					D7B0FEAC2350D43600B97A5B = {
						CreatedOnToolsVersion = 11.1;
						TestTargetID = D7B0FE932350D43400B97A5B;
					};
					D7B0FEB72350D43600B97A5B = {
						CreatedOnToolsVersion = 11.1;
						TestTargetID = D7B0FE932350D43400B97A5B;
					};
				};
			};
			buildConfigurationList = D7B0FE8F2350D43400B97A5B /* Build configuration list for PBXProject "BuildWithoutStoryboard" */;
			compatibilityVersion = "Xcode 9.3";
			developmentRegion = en;
			hasScannedForEncodings = 0;
			knownRegions = (
				en,
				Base,
			);
			mainGroup = D7B0FE8B2350D43400B97A5B;
			productRefGroup = D7B0FE952350D43400B97A5B /* Products */;
			projectDirPath = "";
			projectRoot = "";
			targets = (
				D7B0FE932350D43400B97A5B /* BuildWithoutStoryboard */,
				D7B0FEAC2350D43600B97A5B /* BuildWithoutStoryboardTests */,
				D7B0FEB72350D43600B97A5B /* BuildWithoutStoryboardUITests */,
			);
		};
/* End PBXProject section */

/* Begin PBXResourcesBuildPhase section */
		D7B0FE922350D43400B97A5B /* Resources */ = {
			isa = PBXResourcesBuildPhase;
			buildActionMask = 2147483647;
			files = (
				D7B0FEA72350D43500B97A5B /* LaunchScreen.storyboard in Resources */,
				D7B0FEA42350D43500B97A5B /* Assets.xcassets in Resources */,
			);
			runOnlyForDeploymentPostprocessing = 0;
		};
		D7B0FEAB2350D43600B97A5B /* Resources */ = {
			isa = PBXResourcesBuildPhase;
			buildActionMask = 2147483647;
			files = (
			);
			runOnlyForDeploymentPostprocessing = 0;
		};
		D7B0FEB62350D43600B97A5B /* Resources */ = {
			isa = PBXResourcesBuildPhase;
			buildActionMask = 2147483647;
			files = (
			);
			runOnlyForDeploymentPostprocessing = 0;
		};
/* End PBXResourcesBuildPhase section */

/* Begin PBXShellScriptBuildPhase section */
		086708D623782F9C5EA2700B /* [CP] Check Pods Manifest.lock */ = {
			isa = PBXShellScriptBuildPhase;
			buildActionMask = 2147483647;
			files = (
			);
			inputFileListPaths = (
			);
			inputPaths = (
				"${PODS_PODFILE_DIR_PATH}/Podfile.lock",
				"${PODS_ROOT}/Manifest.lock",
			);
			name = "[CP] Check Pods Manifest.lock";
			outputFileListPaths = (
			);
			outputPaths = (
				"$(DERIVED_FILE_DIR)/Pods-BuildWithoutStoryboardTests-checkManifestLockResult.txt",
			);
			runOnlyForDeploymentPostprocessing = 0;
			shellPath = /bin/sh;
			shellScript = "diff \"${PODS_PODFILE_DIR_PATH}/Podfile.lock\" \"${PODS_ROOT}/Manifest.lock\" > /dev/null\nif [ $? != 0 ] ; then\n    # print error to STDERR\n    echo \"error: The sandbox is not in sync with the Podfile.lock. Run 'pod install' or update your CocoaPods installation.\" >&2\n    exit 1\nfi\n# This output is used by Xcode 'outputs' to avoid re-running this script phase.\necho \"SUCCESS\" > \"${SCRIPT_OUTPUT_FILE_0}\"\n";
			showEnvVarsInLog = 0;
		};
		2117A9E0BD5778526E0A8FEB /* [CP] Check Pods Manifest.lock */ = {
			isa = PBXShellScriptBuildPhase;
			buildActionMask = 2147483647;
			files = (
			);
			inputFileListPaths = (
			);
			inputPaths = (
				"${PODS_PODFILE_DIR_PATH}/Podfile.lock",
				"${PODS_ROOT}/Manifest.lock",
			);
			name = "[CP] Check Pods Manifest.lock";
			outputFileListPaths = (
			);
			outputPaths = (
				"$(DERIVED_FILE_DIR)/Pods-BuildWithoutStoryboard-checkManifestLockResult.txt",
			);
			runOnlyForDeploymentPostprocessing = 0;
			shellPath = /bin/sh;
			shellScript = "diff \"${PODS_PODFILE_DIR_PATH}/Podfile.lock\" \"${PODS_ROOT}/Manifest.lock\" > /dev/null\nif [ $? != 0 ] ; then\n    # print error to STDERR\n    echo \"error: The sandbox is not in sync with the Podfile.lock. Run 'pod install' or update your CocoaPods installation.\" >&2\n    exit 1\nfi\n# This output is used by Xcode 'outputs' to avoid re-running this script phase.\necho \"SUCCESS\" > \"${SCRIPT_OUTPUT_FILE_0}\"\n";
			showEnvVarsInLog = 0;
		};
		40680651937187F1F3604744 /* [CP] Check Pods Manifest.lock */ = {
			isa = PBXShellScriptBuildPhase;
			buildActionMask = 2147483647;
			files = (
			);
			inputFileListPaths = (
			);
			inputPaths = (
				"${PODS_PODFILE_DIR_PATH}/Podfile.lock",
				"${PODS_ROOT}/Manifest.lock",
			);
			name = "[CP] Check Pods Manifest.lock";
			outputFileListPaths = (
			);
			outputPaths = (
				"$(DERIVED_FILE_DIR)/Pods-BuildWithoutStoryboard-BuildWithoutStoryboardUITests-checkManifestLockResult.txt",
			);
			runOnlyForDeploymentPostprocessing = 0;
			shellPath = /bin/sh;
			shellScript = "diff \"${PODS_PODFILE_DIR_PATH}/Podfile.lock\" \"${PODS_ROOT}/Manifest.lock\" > /dev/null\nif [ $? != 0 ] ; then\n    # print error to STDERR\n    echo \"error: The sandbox is not in sync with the Podfile.lock. Run 'pod install' or update your CocoaPods installation.\" >&2\n    exit 1\nfi\n# This output is used by Xcode 'outputs' to avoid re-running this script phase.\necho \"SUCCESS\" > \"${SCRIPT_OUTPUT_FILE_0}\"\n";
			showEnvVarsInLog = 0;
		};
		46B9DE863B80F8574EC231A8 /* [CP] Embed Pods Frameworks */ = {
			isa = PBXShellScriptBuildPhase;
			buildActionMask = 2147483647;
			files = (
			);
			inputFileListPaths = (
				"${PODS_ROOT}/Target Support Files/Pods-BuildWithoutStoryboard-BuildWithoutStoryboardUITests/Pods-BuildWithoutStoryboard-BuildWithoutStoryboardUITests-frameworks-${CONFIGURATION}-input-files.xcfilelist",
			);
			name = "[CP] Embed Pods Frameworks";
			outputFileListPaths = (
				"${PODS_ROOT}/Target Support Files/Pods-BuildWithoutStoryboard-BuildWithoutStoryboardUITests/Pods-BuildWithoutStoryboard-BuildWithoutStoryboardUITests-frameworks-${CONFIGURATION}-output-files.xcfilelist",
			);
			runOnlyForDeploymentPostprocessing = 0;
			shellPath = /bin/sh;
			shellScript = "\"${PODS_ROOT}/Target Support Files/Pods-BuildWithoutStoryboard-BuildWithoutStoryboardUITests/Pods-BuildWithoutStoryboard-BuildWithoutStoryboardUITests-frameworks.sh\"\n";
			showEnvVarsInLog = 0;
		};
		A4C0841F151C8CB6D6AEE673 /* [CP] Embed Pods Frameworks */ = {
			isa = PBXShellScriptBuildPhase;
			buildActionMask = 2147483647;
			files = (
			);
			inputFileListPaths = (
				"${PODS_ROOT}/Target Support Files/Pods-BuildWithoutStoryboard/Pods-BuildWithoutStoryboard-frameworks-${CONFIGURATION}-input-files.xcfilelist",
			);
			name = "[CP] Embed Pods Frameworks";
			outputFileListPaths = (
				"${PODS_ROOT}/Target Support Files/Pods-BuildWithoutStoryboard/Pods-BuildWithoutStoryboard-frameworks-${CONFIGURATION}-output-files.xcfilelist",
			);
			runOnlyForDeploymentPostprocessing = 0;
			shellPath = /bin/sh;
			shellScript = "\"${PODS_ROOT}/Target Support Files/Pods-BuildWithoutStoryboard/Pods-BuildWithoutStoryboard-frameworks.sh\"\n";
			showEnvVarsInLog = 0;
		};
/* End PBXShellScriptBuildPhase section */

/* Begin PBXSourcesBuildPhase section */
		D7B0FE902350D43400B97A5B /* Sources */ = {
			isa = PBXSourcesBuildPhase;
			buildActionMask = 2147483647;
			files = (
				D7B0FEA22350D43400B97A5B /* BuildWithoutStoryboard.xcdatamodeld in Sources */,
				D76C4CD52354178B003CD608 /* WebViewPageView.swift in Sources */,
				D7B0FED623512BE400B97A5B /* TableViewPageView.swift in Sources */,
				D7B0FED22351071700B97A5B /* ScrollPageView.swift in Sources */,
				D76C4CDC235447E3003CD608 /* AddPageController.swift in Sources */,
				D7B0FE9C2350D43400B97A5B /* MainPageController.swift in Sources */,
				D7B0FECE2350DD3C00B97A5B /* MainPageView.swift in Sources */,
				D76C4CD123540F8E003CD608 /* StudentCell.swift in Sources */,
				D76C4CD7235431F0003CD608 /* Student.swift in Sources */,
				D7B0FED423512B5300B97A5B /* TableViewPageController.swift in Sources */,
				D7E00F6F235564D500E8A6CE /* SaveStudentDelegate.swift in Sources */,
				D76C4CDA23543255003CD608 /* StudentData.swift in Sources */,
				D7B0FED02351070100B97A5B /* ScrollPageController.swift in Sources */,
				D7B0FE982350D43400B97A5B /* AppDelegate.swift in Sources */,
				D76C4CDE235449B7003CD608 /* AddPageView.swift in Sources */,
				D76C4CD323541774003CD608 /* WebViewPageController.swift in Sources */,
				D7B0FE9A2350D43400B97A5B /* SceneDelegate.swift in Sources */,
			);
			runOnlyForDeploymentPostprocessing = 0;
		};
		D7B0FEA92350D43600B97A5B /* Sources */ = {
			isa = PBXSourcesBuildPhase;
			buildActionMask = 2147483647;
			files = (
				D7B0FEB22350D43600B97A5B /* BuildWithoutStoryboardTests.swift in Sources */,
			);
			runOnlyForDeploymentPostprocessing = 0;
		};
		D7B0FEB42350D43600B97A5B /* Sources */ = {
			isa = PBXSourcesBuildPhase;
			buildActionMask = 2147483647;
			files = (
				D7B0FEBD2350D43600B97A5B /* BuildWithoutStoryboardUITests.swift in Sources */,
			);
			runOnlyForDeploymentPostprocessing = 0;
		};
/* End PBXSourcesBuildPhase section */

/* Begin PBXTargetDependency section */
		D7B0FEAF2350D43600B97A5B /* PBXTargetDependency */ = {
			isa = PBXTargetDependency;
			target = D7B0FE932350D43400B97A5B /* BuildWithoutStoryboard */;
			targetProxy = D7B0FEAE2350D43600B97A5B /* PBXContainerItemProxy */;
		};
		D7B0FEBA2350D43600B97A5B /* PBXTargetDependency */ = {
			isa = PBXTargetDependency;
			target = D7B0FE932350D43400B97A5B /* BuildWithoutStoryboard */;
			targetProxy = D7B0FEB92350D43600B97A5B /* PBXContainerItemProxy */;
		};
/* End PBXTargetDependency section */

/* Begin PBXVariantGroup section */
		D7B0FEA52350D43500B97A5B /* LaunchScreen.storyboard */ = {
			isa = PBXVariantGroup;
			children = (
				D7B0FEA62350D43500B97A5B /* Base */,
			);
			name = LaunchScreen.storyboard;
			sourceTree = "<group>";
		};
/* End PBXVariantGroup section */

/* Begin XCBuildConfiguration section */
		D7B0FEBF2350D43600B97A5B /* Debug */ = {
			isa = XCBuildConfiguration;
			buildSettings = {
				ALWAYS_SEARCH_USER_PATHS = NO;
				CLANG_ANALYZER_NONNULL = YES;
				CLANG_ANALYZER_NUMBER_OBJECT_CONVERSION = YES_AGGRESSIVE;
				CLANG_CXX_LANGUAGE_STANDARD = "gnu++14";
				CLANG_CXX_LIBRARY = "libc++";
				CLANG_ENABLE_MODULES = YES;
				CLANG_ENABLE_OBJC_ARC = YES;
				CLANG_ENABLE_OBJC_WEAK = YES;
				CLANG_WARN_BLOCK_CAPTURE_AUTORELEASING = YES;
				CLANG_WARN_BOOL_CONVERSION = YES;
				CLANG_WARN_COMMA = YES;
				CLANG_WARN_CONSTANT_CONVERSION = YES;
				CLANG_WARN_DEPRECATED_OBJC_IMPLEMENTATIONS = YES;
				CLANG_WARN_DIRECT_OBJC_ISA_USAGE = YES_ERROR;
				CLANG_WARN_DOCUMENTATION_COMMENTS = YES;
				CLANG_WARN_EMPTY_BODY = YES;
				CLANG_WARN_ENUM_CONVERSION = YES;
				CLANG_WARN_INFINITE_RECURSION = YES;
				CLANG_WARN_INT_CONVERSION = YES;
				CLANG_WARN_NON_LITERAL_NULL_CONVERSION = YES;
				CLANG_WARN_OBJC_IMPLICIT_RETAIN_SELF = YES;
				CLANG_WARN_OBJC_LITERAL_CONVERSION = YES;
				CLANG_WARN_OBJC_ROOT_CLASS = YES_ERROR;
				CLANG_WARN_RANGE_LOOP_ANALYSIS = YES;
				CLANG_WARN_STRICT_PROTOTYPES = YES;
				CLANG_WARN_SUSPICIOUS_MOVE = YES;
				CLANG_WARN_UNGUARDED_AVAILABILITY = YES_AGGRESSIVE;
				CLANG_WARN_UNREACHABLE_CODE = YES;
				CLANG_WARN__DUPLICATE_METHOD_MATCH = YES;
				COPY_PHASE_STRIP = NO;
				DEBUG_INFORMATION_FORMAT = dwarf;
				ENABLE_STRICT_OBJC_MSGSEND = YES;
				ENABLE_TESTABILITY = YES;
				GCC_C_LANGUAGE_STANDARD = gnu11;
				GCC_DYNAMIC_NO_PIC = NO;
				GCC_NO_COMMON_BLOCKS = YES;
				GCC_OPTIMIZATION_LEVEL = 0;
				GCC_PREPROCESSOR_DEFINITIONS = (
					"DEBUG=1",
					"$(inherited)",
				);
				GCC_WARN_64_TO_32_BIT_CONVERSION = YES;
				GCC_WARN_ABOUT_RETURN_TYPE = YES_ERROR;
				GCC_WARN_UNDECLARED_SELECTOR = YES;
				GCC_WARN_UNINITIALIZED_AUTOS = YES_AGGRESSIVE;
				GCC_WARN_UNUSED_FUNCTION = YES;
				GCC_WARN_UNUSED_VARIABLE = YES;
				IPHONEOS_DEPLOYMENT_TARGET = 13.1;
				MTL_ENABLE_DEBUG_INFO = INCLUDE_SOURCE;
				MTL_FAST_MATH = YES;
				ONLY_ACTIVE_ARCH = YES;
				SDKROOT = iphoneos;
				SWIFT_ACTIVE_COMPILATION_CONDITIONS = DEBUG;
				SWIFT_OPTIMIZATION_LEVEL = "-Onone";
			};
			name = Debug;
		};
		D7B0FEC02350D43600B97A5B /* Release */ = {
			isa = XCBuildConfiguration;
			buildSettings = {
				ALWAYS_SEARCH_USER_PATHS = NO;
				CLANG_ANALYZER_NONNULL = YES;
				CLANG_ANALYZER_NUMBER_OBJECT_CONVERSION = YES_AGGRESSIVE;
				CLANG_CXX_LANGUAGE_STANDARD = "gnu++14";
				CLANG_CXX_LIBRARY = "libc++";
				CLANG_ENABLE_MODULES = YES;
				CLANG_ENABLE_OBJC_ARC = YES;
				CLANG_ENABLE_OBJC_WEAK = YES;
				CLANG_WARN_BLOCK_CAPTURE_AUTORELEASING = YES;
				CLANG_WARN_BOOL_CONVERSION = YES;
				CLANG_WARN_COMMA = YES;
				CLANG_WARN_CONSTANT_CONVERSION = YES;
				CLANG_WARN_DEPRECATED_OBJC_IMPLEMENTATIONS = YES;
				CLANG_WARN_DIRECT_OBJC_ISA_USAGE = YES_ERROR;
				CLANG_WARN_DOCUMENTATION_COMMENTS = YES;
				CLANG_WARN_EMPTY_BODY = YES;
				CLANG_WARN_ENUM_CONVERSION = YES;
				CLANG_WARN_INFINITE_RECURSION = YES;
				CLANG_WARN_INT_CONVERSION = YES;
				CLANG_WARN_NON_LITERAL_NULL_CONVERSION = YES;
				CLANG_WARN_OBJC_IMPLICIT_RETAIN_SELF = YES;
				CLANG_WARN_OBJC_LITERAL_CONVERSION = YES;
				CLANG_WARN_OBJC_ROOT_CLASS = YES_ERROR;
				CLANG_WARN_RANGE_LOOP_ANALYSIS = YES;
				CLANG_WARN_STRICT_PROTOTYPES = YES;
				CLANG_WARN_SUSPICIOUS_MOVE = YES;
				CLANG_WARN_UNGUARDED_AVAILABILITY = YES_AGGRESSIVE;
				CLANG_WARN_UNREACHABLE_CODE = YES;
				CLANG_WARN__DUPLICATE_METHOD_MATCH = YES;
				COPY_PHASE_STRIP = NO;
				DEBUG_INFORMATION_FORMAT = "dwarf-with-dsym";
				ENABLE_NS_ASSERTIONS = NO;
				ENABLE_STRICT_OBJC_MSGSEND = YES;
				GCC_C_LANGUAGE_STANDARD = gnu11;
				GCC_NO_COMMON_BLOCKS = YES;
				GCC_WARN_64_TO_32_BIT_CONVERSION = YES;
				GCC_WARN_ABOUT_RETURN_TYPE = YES_ERROR;
				GCC_WARN_UNDECLARED_SELECTOR = YES;
				GCC_WARN_UNINITIALIZED_AUTOS = YES_AGGRESSIVE;
				GCC_WARN_UNUSED_FUNCTION = YES;
				GCC_WARN_UNUSED_VARIABLE = YES;
				IPHONEOS_DEPLOYMENT_TARGET = 13.1;
				MTL_ENABLE_DEBUG_INFO = NO;
				MTL_FAST_MATH = YES;
				SDKROOT = iphoneos;
				SWIFT_COMPILATION_MODE = wholemodule;
				SWIFT_OPTIMIZATION_LEVEL = "-O";
				VALIDATE_PRODUCT = YES;
			};
			name = Release;
		};
		D7B0FEC22350D43600B97A5B /* Debug */ = {
			isa = XCBuildConfiguration;
			baseConfigurationReference = 8FF44284FC059307BA12B3AD /* Pods-BuildWithoutStoryboard.debug.xcconfig */;
			buildSettings = {
				ASSETCATALOG_COMPILER_APPICON_NAME = AppIcon;
				CODE_SIGN_STYLE = Automatic;
				DEVELOPMENT_TEAM = 9Y224ZS8GH;
				INFOPLIST_FILE = BuildWithoutStoryboard/Info.plist;
				LD_RUNPATH_SEARCH_PATHS = (
					"$(inherited)",
					"@executable_path/Frameworks",
				);
				PRODUCT_BUNDLE_IDENTIFIER = com.ajisaputrars.BuildWithoutStoryboard;
				PRODUCT_NAME = "$(TARGET_NAME)";
				SWIFT_VERSION = 5.0;
				TARGETED_DEVICE_FAMILY = "1,2";
			};
			name = Debug;
		};
		D7B0FEC32350D43600B97A5B /* Release */ = {
			isa = XCBuildConfiguration;
			baseConfigurationReference = 2A42FA7808ECD4515A351246 /* Pods-BuildWithoutStoryboard.release.xcconfig */;
			buildSettings = {
				ASSETCATALOG_COMPILER_APPICON_NAME = AppIcon;
				CODE_SIGN_STYLE = Automatic;
				DEVELOPMENT_TEAM = 9Y224ZS8GH;
				INFOPLIST_FILE = BuildWithoutStoryboard/Info.plist;
				LD_RUNPATH_SEARCH_PATHS = (
					"$(inherited)",
					"@executable_path/Frameworks",
				);
				PRODUCT_BUNDLE_IDENTIFIER = com.ajisaputrars.BuildWithoutStoryboard;
				PRODUCT_NAME = "$(TARGET_NAME)";
				SWIFT_VERSION = 5.0;
				TARGETED_DEVICE_FAMILY = "1,2";
			};
			name = Release;
		};
		D7B0FEC52350D43600B97A5B /* Debug */ = {
			isa = XCBuildConfiguration;
			baseConfigurationReference = 2C44D15FC5668EE650D41831 /* Pods-BuildWithoutStoryboardTests.debug.xcconfig */;
			buildSettings = {
				ALWAYS_EMBED_SWIFT_STANDARD_LIBRARIES = YES;
				BUNDLE_LOADER = "$(TEST_HOST)";
				CODE_SIGN_STYLE = Automatic;
				DEVELOPMENT_TEAM = 9Y224ZS8GH;
				INFOPLIST_FILE = BuildWithoutStoryboardTests/Info.plist;
				IPHONEOS_DEPLOYMENT_TARGET = 13.1;
				LD_RUNPATH_SEARCH_PATHS = (
					"$(inherited)",
					"@executable_path/Frameworks",
					"@loader_path/Frameworks",
				);
				PRODUCT_BUNDLE_IDENTIFIER = com.ajisaputrars.BuildWithoutStoryboardTests;
				PRODUCT_NAME = "$(TARGET_NAME)";
				SWIFT_VERSION = 5.0;
				TARGETED_DEVICE_FAMILY = "1,2";
				TEST_HOST = "$(BUILT_PRODUCTS_DIR)/BuildWithoutStoryboard.app/BuildWithoutStoryboard";
			};
			name = Debug;
		};
		D7B0FEC62350D43600B97A5B /* Release */ = {
			isa = XCBuildConfiguration;
			baseConfigurationReference = 554569BBF23DF4820A833919 /* Pods-BuildWithoutStoryboardTests.release.xcconfig */;
			buildSettings = {
				ALWAYS_EMBED_SWIFT_STANDARD_LIBRARIES = YES;
				BUNDLE_LOADER = "$(TEST_HOST)";
				CODE_SIGN_STYLE = Automatic;
				DEVELOPMENT_TEAM = 9Y224ZS8GH;
				INFOPLIST_FILE = BuildWithoutStoryboardTests/Info.plist;
				IPHONEOS_DEPLOYMENT_TARGET = 13.1;
				LD_RUNPATH_SEARCH_PATHS = (
					"$(inherited)",
					"@executable_path/Frameworks",
					"@loader_path/Frameworks",
				);
				PRODUCT_BUNDLE_IDENTIFIER = com.ajisaputrars.BuildWithoutStoryboardTests;
				PRODUCT_NAME = "$(TARGET_NAME)";
				SWIFT_VERSION = 5.0;
				TARGETED_DEVICE_FAMILY = "1,2";
				TEST_HOST = "$(BUILT_PRODUCTS_DIR)/BuildWithoutStoryboard.app/BuildWithoutStoryboard";
			};
			name = Release;
		};
		D7B0FEC82350D43600B97A5B /* Debug */ = {
			isa = XCBuildConfiguration;
			baseConfigurationReference = 1C7BD4EBEC1FA7D0FB1077A7 /* Pods-BuildWithoutStoryboard-BuildWithoutStoryboardUITests.debug.xcconfig */;
			buildSettings = {
				ALWAYS_EMBED_SWIFT_STANDARD_LIBRARIES = "$(inherited)";
				CODE_SIGN_STYLE = Automatic;
				DEVELOPMENT_TEAM = 9Y224ZS8GH;
				INFOPLIST_FILE = BuildWithoutStoryboardUITests/Info.plist;
				LD_RUNPATH_SEARCH_PATHS = (
					"$(inherited)",
					"@executable_path/Frameworks",
					"@loader_path/Frameworks",
				);
				PRODUCT_BUNDLE_IDENTIFIER = com.ajisaputrars.BuildWithoutStoryboardUITests;
				PRODUCT_NAME = "$(TARGET_NAME)";
				SWIFT_VERSION = 5.0;
				TARGETED_DEVICE_FAMILY = "1,2";
				TEST_TARGET_NAME = BuildWithoutStoryboard;
			};
			name = Debug;
		};
		D7B0FEC92350D43600B97A5B /* Release */ = {
			isa = XCBuildConfiguration;
			baseConfigurationReference = 02FCBD9A2D1DA071664E0927 /* Pods-BuildWithoutStoryboard-BuildWithoutStoryboardUITests.release.xcconfig */;
			buildSettings = {
				ALWAYS_EMBED_SWIFT_STANDARD_LIBRARIES = "$(inherited)";
				CODE_SIGN_STYLE = Automatic;
				DEVELOPMENT_TEAM = 9Y224ZS8GH;
				INFOPLIST_FILE = BuildWithoutStoryboardUITests/Info.plist;
				LD_RUNPATH_SEARCH_PATHS = (
					"$(inherited)",
					"@executable_path/Frameworks",
					"@loader_path/Frameworks",
				);
				PRODUCT_BUNDLE_IDENTIFIER = com.ajisaputrars.BuildWithoutStoryboardUITests;
				PRODUCT_NAME = "$(TARGET_NAME)";
				SWIFT_VERSION = 5.0;
				TARGETED_DEVICE_FAMILY = "1,2";
				TEST_TARGET_NAME = BuildWithoutStoryboard;
			};
			name = Release;
		};
/* End XCBuildConfiguration section */

/* Begin XCConfigurationList section */
		D7B0FE8F2350D43400B97A5B /* Build configuration list for PBXProject "BuildWithoutStoryboard" */ = {
			isa = XCConfigurationList;
			buildConfigurations = (
				D7B0FEBF2350D43600B97A5B /* Debug */,
				D7B0FEC02350D43600B97A5B /* Release */,
			);
			defaultConfigurationIsVisible = 0;
			defaultConfigurationName = Release;
		};
		D7B0FEC12350D43600B97A5B /* Build configuration list for PBXNativeTarget "BuildWithoutStoryboard" */ = {
			isa = XCConfigurationList;
			buildConfigurations = (
				D7B0FEC22350D43600B97A5B /* Debug */,
				D7B0FEC32350D43600B97A5B /* Release */,
			);
			defaultConfigurationIsVisible = 0;
			defaultConfigurationName = Release;
		};
		D7B0FEC42350D43600B97A5B /* Build configuration list for PBXNativeTarget "BuildWithoutStoryboardTests" */ = {
			isa = XCConfigurationList;
			buildConfigurations = (
				D7B0FEC52350D43600B97A5B /* Debug */,
				D7B0FEC62350D43600B97A5B /* Release */,
			);
			defaultConfigurationIsVisible = 0;
			defaultConfigurationName = Release;
		};
		D7B0FEC72350D43600B97A5B /* Build configuration list for PBXNativeTarget "BuildWithoutStoryboardUITests" */ = {
			isa = XCConfigurationList;
			buildConfigurations = (
				D7B0FEC82350D43600B97A5B /* Debug */,
				D7B0FEC92350D43600B97A5B /* Release */,
			);
			defaultConfigurationIsVisible = 0;
			defaultConfigurationName = Release;
		};
/* End XCConfigurationList section */

/* Begin XCVersionGroup section */
		D7B0FEA02350D43400B97A5B /* BuildWithoutStoryboard.xcdatamodeld */ = {
			isa = XCVersionGroup;
			children = (
				D7B0FEA12350D43400B97A5B /* BuildWithoutStoryboard.xcdatamodel */,
			);
			currentVersion = D7B0FEA12350D43400B97A5B /* BuildWithoutStoryboard.xcdatamodel */;
			path = BuildWithoutStoryboard.xcdatamodeld;
			sourceTree = "<group>";
			versionGroupType = wrapper.xcdatamodel;
		};
/* End XCVersionGroup section */
	};
	rootObject = D7B0FE8C2350D43400B97A5B /* Project object */;
}
